<?xml version="1.0" encoding="UTF-8" standalone="yes" ?>
<CodeBlocks_project_file>
	<FileVersion major="1" minor="6" />
	<Project>
		<Option title="Server" />
		<Option pch_mode="2" />
		<Option compiler="gcc" />
		<Build>
			<Target title="Debug">
				<Option output="bin/debug/server" prefix_auto="1" extension_auto="1" />
				<Option object_output="obj/debug/" />
				<Option type="1" />
				<Option compiler="gcc" />
				<Compiler>
					<Add option="-g" />
					<Add option="-DDEBUG" />
				</Compiler>
			</Target>
			<Target title="Release">
				<Option output="bin/release/server" prefix_auto="1" extension_auto="1" />
				<Option object_output="obj/release/" />
				<Option type="1" />
				<Option compiler="gcc" />
				<Compiler>
					<Add option="-O2" />
				</Compiler>
				<Linker>
					<Add option="-s" />
				</Linker>
			</Target>
			<Target title="Testbed">
				<Option output="bin/testbed/server" prefix_auto="1" extension_auto="1" />
				<Option object_output="obj/testbed/" />
				<Option type="1" />
				<Option compiler="gcc" />
				<Compiler>
					<Add option="-g" />
					<Add option="-DTESTBED" />
				</Compiler>
				<Linker>
					<Add library="glui" />
					<Add library="GL" />
				</Linker>
			</Target>
		</Build>
		<Compiler>
			<Add option="-Wall" />
			<Add directory="/opt/Box2D/include/" />
		</Compiler>
		<Linker>
			<Add library="Box2D" />
			<Add library="rt" />
			<Add directory="/opt/Box2D/lib/" />
		</Linker>
		<Unit filename="../bomb.cpp" />
		<Unit filename="../bomb.h" />
		<Unit filename="../connection.cpp" />
		<Unit filename="../connection.h" />
		<Unit filename="../game.cpp" />
		<Unit filename="../game.h" />
		<Unit filename="../main.cpp" />
		<Unit filename="../non_blocking_tcp_connection.cpp" />
		<Unit filename="../non_blocking_tcp_connection.h" />
		<Unit filename="../output.h" />
		<Unit filename="../packet.cpp" />
		<Unit filename="../packet.h" />
		<Unit filename="../player.cpp" />
		<Unit filename="../player.h" />
		<Unit filename="../socket.cpp" />
		<Unit filename="../socket.h" />
		<Unit filename="../testbed/game_test.cpp">
			<Option target="Testbed" />
		</Unit>
		<Unit filename="../testbed/game_test.h">
			<Option target="Testbed" />
		</Unit>
		<Unit filename="../testbed/main.cpp">
			<Option target="Testbed" />
		</Unit>
		<Unit filename="../testbed/render.cpp">
			<Option target="Testbed" />
		</Unit>
		<Unit filename="../testbed/render.h">
			<Option target="Testbed" />
		</Unit>
		<Unit filename="../testbed/test.cpp">
			<Option target="Testbed" />
		</Unit>
		<Unit filename="../testbed/test.h">
			<Option target="Testbed" />
		</Unit>
		<Extensions>
			<code_completion />
			<debugger />
		</Extensions>
	</Project>
</CodeBlocks_project_file>
