<?xml version="1.0" encoding="UTF-8" standalone="yes" ?>
<CodeBlocks_project_file>
	<FileVersion major="1" minor="6" />
	<Project>
		<Option title="Server" />
		<Option pch_mode="2" />
		<Option compiler="gcc" />
		<Option virtualFolders="testbed/;network/;game/;misc/;network/connection/;network/other/;" />
		<Build>
			<Target title="Debug-Linux">
				<Option output="bin/debug/server" prefix_auto="1" extension_auto="1" />
				<Option object_output="obj/debug/" />
				<Option type="1" />
				<Option compiler="gcc" />
				<Compiler>
					<Add option="-g" />
					<Add option="-DDEBUG" />
					<Add directory="/opt/Box2D/include/" />
				</Compiler>
				<Linker>
					<Add library="rt" />
					<Add directory="/opt/Box2D/lib/" />
				</Linker>
			</Target>
			<Target title="Release-Linux">
				<Option output="bin/release/server" prefix_auto="1" extension_auto="1" />
				<Option object_output="obj/release/" />
				<Option type="1" />
				<Option compiler="gcc" />
				<Compiler>
					<Add option="-O2" />
					<Add directory="/opt/Box2D/include/" />
				</Compiler>
				<Linker>
					<Add option="-s" />
					<Add library="rt" />
					<Add directory="/opt/Box2D/lib/" />
				</Linker>
			</Target>
			<Target title="Testbed-Linux">
				<Option output="bin/testbed/server" prefix_auto="1" extension_auto="1" />
				<Option object_output="obj/testbed/" />
				<Option type="1" />
				<Option compiler="gcc" />
				<Compiler>
					<Add option="-g" />
					<Add option="-DTESTBED" />
					<Add directory="/opt/Box2D/include/" />
				</Compiler>
				<Linker>
					<Add library="glui" />
					<Add library="GL" />
					<Add library="rt" />
					<Add directory="/opt/Box2D/lib/" />
				</Linker>
			</Target>
			<Target title="Debug-Mac">
				<Option output="bin/debug/server" prefix_auto="1" extension_auto="1" />
				<Option object_output="obj/debug/" />
				<Option type="1" />
				<Option compiler="gcc" />
				<Compiler>
					<Add option="-g" />
					<Add option="-DDEBUG" />
					<Add option="-DMAC_OS" />
				</Compiler>
			</Target>
			<Target title="Release-Mac">
				<Option output="bin/release/server" prefix_auto="1" extension_auto="1" />
				<Option object_output="obj/release/" />
				<Option type="1" />
				<Option compiler="gcc" />
				<Compiler>
					<Add option="-O2" />
					<Add option="-DMAC_OS" />
				</Compiler>
				<Linker>
					<Add option="-s" />
				</Linker>
			</Target>
			<Target title="Testbed-Mac">
				<Option output="bin/testbed/server" prefix_auto="1" extension_auto="1" />
				<Option object_output="obj/testbed/" />
				<Option type="1" />
				<Option compiler="gcc" />
				<Compiler>
					<Add option="-g" />
					<Add option="-DTESTBED" />
					<Add option="-DMAC_OS" />
				</Compiler>
				<Linker>
					<Add option="-framework OpenGL" />
					<Add option="-framework GLUT" />
					<Add library="glui" />
				</Linker>
			</Target>
		</Build>
		<Compiler>
			<Add option="-Wall" />
		</Compiler>
		<Linker>
			<Add library="Box2D" />
		</Linker>
		<Unit filename="../src/blocking_tcp_connection.cpp">
			<Option virtualFolder="network/connection/" />
		</Unit>
		<Unit filename="../src/blocking_tcp_connection.h">
			<Option virtualFolder="network/connection/" />
		</Unit>
		<Unit filename="../src/blocking_udp_connection.cpp">
			<Option virtualFolder="network/connection/" />
		</Unit>
		<Unit filename="../src/blocking_udp_connection.h">
			<Option virtualFolder="network/connection/" />
		</Unit>
		<Unit filename="../src/bomb.cpp">
			<Option virtualFolder="game/" />
		</Unit>
		<Unit filename="../src/bomb.h">
			<Option virtualFolder="game/" />
		</Unit>
		<Unit filename="../src/connection.cpp">
			<Option virtualFolder="network/connection/" />
		</Unit>
		<Unit filename="../src/connection.h">
			<Option virtualFolder="network/connection/" />
		</Unit>
		<Unit filename="../src/connection_config.h">
			<Option virtualFolder="network/other/" />
		</Unit>
		<Unit filename="../src/connection_thread.h">
			<Option virtualFolder="network/other/" />
		</Unit>
		<Unit filename="../src/game.cpp">
			<Option virtualFolder="game/" />
		</Unit>
		<Unit filename="../src/game.h">
			<Option virtualFolder="game/" />
		</Unit>
		<Unit filename="../src/main.cpp">
			<Option virtualFolder="misc/" />
		</Unit>
		<Unit filename="../src/non_blocking_tcp_connection.cpp">
			<Option virtualFolder="network/connection/" />
		</Unit>
		<Unit filename="../src/non_blocking_tcp_connection.h">
			<Option virtualFolder="network/connection/" />
		</Unit>
		<Unit filename="../src/non_blocking_udp_connection.cpp">
			<Option virtualFolder="network/connection/" />
		</Unit>
		<Unit filename="../src/non_blocking_udp_connection.h">
			<Option virtualFolder="network/connection/" />
		</Unit>
		<Unit filename="../src/output.h">
			<Option virtualFolder="misc/" />
		</Unit>
		<Unit filename="../src/packet.cpp">
			<Option virtualFolder="network/other/" />
		</Unit>
		<Unit filename="../src/packet.h">
			<Option virtualFolder="network/other/" />
		</Unit>
		<Unit filename="../src/player.cpp">
			<Option virtualFolder="game/" />
		</Unit>
		<Unit filename="../src/player.h">
			<Option virtualFolder="game/" />
		</Unit>
		<Unit filename="../src/socket.cpp">
			<Option virtualFolder="network/other/" />
		</Unit>
		<Unit filename="../src/socket.h">
			<Option virtualFolder="network/other/" />
		</Unit>
		<Unit filename="../src/testbed/debug_draw.cpp">
			<Option virtualFolder="testbed/" />
			<Option target="Testbed-Linux" />
			<Option target="Testbed-Mac" />
		</Unit>
		<Unit filename="../src/testbed/debug_draw.h">
			<Option virtualFolder="testbed/" />
			<Option target="Testbed-Linux" />
			<Option target="Testbed-Mac" />
		</Unit>
		<Unit filename="../src/testbed/settings.h">
			<Option virtualFolder="testbed/" />
			<Option target="Testbed-Linux" />
			<Option target="Testbed-Mac" />
		</Unit>
		<Unit filename="../src/testbed/testbed.cpp">
			<Option virtualFolder="testbed/" />
			<Option target="Testbed-Linux" />
			<Option target="Testbed-Mac" />
		</Unit>
		<Unit filename="../src/testbed/testbed.h">
			<Option virtualFolder="testbed/" />
			<Option target="Testbed-Linux" />
			<Option target="Testbed-Mac" />
		</Unit>
		<Unit filename="../src/time.h">
			<Option virtualFolder="misc/" />
		</Unit>
		<Extensions>
			<code_completion />
			<debugger />
		</Extensions>
	</Project>
</CodeBlocks_project_file>
